<?xml version="1.0" encoding="utf-8"?>
<Project ToolsVersion="4.0" xmlns="http://schemas.microsoft.com/developer/msbuild/2003">
  <ItemGroup>
    <Filter Include="ソース ファイル">
      <UniqueIdentifier>{4FC737F1-C7A5-4376-A066-2A32D752A2FF}</UniqueIdentifier>
      <Extensions>cpp;c;cc;cxx;c++;cppm;ixx;def;odl;idl;hpj;bat;asm;asmx</Extensions>
    </Filter>
    <Filter Include="ヘッダー ファイル">
      <UniqueIdentifier>{93995380-89BD-4b04-88EB-625FBE52EBFB}</UniqueIdentifier>
      <Extensions>h;hh;hpp;hxx;h++;hm;inl;inc;ipp;xsd</Extensions>
    </Filter>
    <Filter Include="リソース ファイル">
      <UniqueIdentifier>{67DA6AB6-F800-4c08-8B7A-83BB121AAD01}</UniqueIdentifier>
      <Extensions>rc;ico;cur;bmp;dlg;rc2;rct;bin;rgs;gif;jpg;jpeg;jpe;resx;tiff;tif;png;wav;mfcribbon-ms</Extensions>
    </Filter>
    <Filter Include="ソース ファイル\System">
      <UniqueIdentifier>{cefddf4c-25f8-4c1d-8607-61de56336227}</UniqueIdentifier>
    </Filter>
    <Filter Include="ソース ファイル\Application">
      <UniqueIdentifier>{d673194b-5c9e-4080-b67b-7f46a1565ba8}</UniqueIdentifier>
    </Filter>
    <Filter Include="ヘッダー ファイル\System">
      <UniqueIdentifier>{5858150b-de72-4b6e-8ecf-8f81d5d8b4f6}</UniqueIdentifier>
    </Filter>
    <Filter Include="ヘッダー ファイル\Application">
      <UniqueIdentifier>{5c1a610b-1606-4f4a-817c-d5b1c7d94851}</UniqueIdentifier>
    </Filter>
    <Filter Include="ソース ファイル\Work">
      <UniqueIdentifier>{d40b6216-14f8-474d-bd1d-053eaf07e0c5}</UniqueIdentifier>
    </Filter>
    <Filter Include="ソース ファイル\Camera">
      <UniqueIdentifier>{326a9c9c-d0a1-43e4-81e3-303433444051}</UniqueIdentifier>
    </Filter>
    <Filter Include="ソース ファイル\Effect">
      <UniqueIdentifier>{c81d3371-75fd-437d-9f3c-ccbd331ad379}</UniqueIdentifier>
    </Filter>
    <Filter Include="ソース ファイル\Scene">
      <UniqueIdentifier>{cbe68f64-b1b2-45b8-a14d-3d8612875b4a}</UniqueIdentifier>
    </Filter>
    <Filter Include="ソース ファイル\3DObject">
      <UniqueIdentifier>{cd90f898-95bf-461c-abcf-1739438f85a5}</UniqueIdentifier>
    </Filter>
    <Filter Include="ソース ファイル\2DObject">
      <UniqueIdentifier>{721757fd-b40a-4c9a-adcc-6dcfd50ffec8}</UniqueIdentifier>
    </Filter>
    <Filter Include="ヘッダー ファイル\Camera">
      <UniqueIdentifier>{be091938-83c2-43b4-80c3-d638fa4f23bf}</UniqueIdentifier>
    </Filter>
    <Filter Include="ヘッダー ファイル\Scene">
      <UniqueIdentifier>{66f42767-99a1-480f-9d8d-6bd8015386b9}</UniqueIdentifier>
    </Filter>
    <Filter Include="ヘッダー ファイル\2DObject">
      <UniqueIdentifier>{1b5a8ad4-bb42-45de-9a11-a0c1d4885a25}</UniqueIdentifier>
    </Filter>
    <Filter Include="ヘッダー ファイル\3DObject">
      <UniqueIdentifier>{22730722-9192-40bb-acff-44d7942cc4d0}</UniqueIdentifier>
    </Filter>
    <Filter Include="ヘッダー ファイル\Work">
      <UniqueIdentifier>{12078764-e3a9-49c1-a00a-c30864d4ee75}</UniqueIdentifier>
    </Filter>
    <Filter Include="ヘッダー ファイル\Effect">
      <UniqueIdentifier>{545c2f5e-e361-40bb-ac44-ed2690a61b3e}</UniqueIdentifier>
    </Filter>
    <Filter Include="リソース ファイル\memo">
      <UniqueIdentifier>{23d468d2-c273-46d6-9644-3a31e88acea7}</UniqueIdentifier>
    </Filter>
    <Filter Include="imgui">
      <UniqueIdentifier>{aceb42b5-a09e-4cf9-9a34-73e967d191b7}</UniqueIdentifier>
    </Filter>
    <Filter Include="ソース ファイル\BaseBall">
      <UniqueIdentifier>{eb454ab2-2f6d-4a8f-8c52-d95227756fa9}</UniqueIdentifier>
    </Filter>
    <Filter Include="ソース ファイル\BaseBall\Attack">
      <UniqueIdentifier>{31243132-0deb-4dac-8e13-c7e8891986b4}</UniqueIdentifier>
    </Filter>
    <Filter Include="ソース ファイル\BaseBall\Difence">
      <UniqueIdentifier>{ad45c694-7e41-4e8f-ba94-7ba2025816dc}</UniqueIdentifier>
    </Filter>
    <Filter Include="ソース ファイル\BaseBall\System">
      <UniqueIdentifier>{b353eae5-3c11-4e2f-b9a9-b92d4ded31b4}</UniqueIdentifier>
    </Filter>
    <Filter Include="ヘッダー ファイル\BaseBall">
      <UniqueIdentifier>{e3321a0d-5e17-41a2-894b-4ceb2cd1994c}</UniqueIdentifier>
    </Filter>
    <Filter Include="ヘッダー ファイル\BaseBall\Attack">
      <UniqueIdentifier>{270d5b17-8365-4f16-90e6-dfbfbaba9e89}</UniqueIdentifier>
    </Filter>
    <Filter Include="ヘッダー ファイル\BaseBall\Difence">
      <UniqueIdentifier>{ab482894-c15d-426e-a9b4-a0f47ad19187}</UniqueIdentifier>
    </Filter>
    <Filter Include="ヘッダー ファイル\BaseBall\System">
      <UniqueIdentifier>{902c156b-6707-475d-a5ec-aecf6f5b284d}</UniqueIdentifier>
    </Filter>
  </ItemGroup>
  <ItemGroup>
    <ClCompile Include="Shader.cpp">
      <Filter>ソース ファイル\System</Filter>
    </ClCompile>
    <ClCompile Include="MeshBuffer.cpp">
      <Filter>ソース ファイル\System</Filter>
    </ClCompile>
    <ClCompile Include="Main.cpp">
      <Filter>ソース ファイル\Application</Filter>
    </ClCompile>
    <ClCompile Include="_model.cpp">
      <Filter>ソース ファイル\Work</Filter>
    </ClCompile>
    <ClCompile Include="_geometory.cpp">
      <Filter>ソース ファイル\Work</Filter>
    </ClCompile>
    <ClCompile Include="ShaderList.cpp">
      <Filter>ソース ファイル\System</Filter>
    </ClCompile>
    <ClCompile Include="Collision.cpp">
      <Filter>ソース ファイル\Work</Filter>
    </ClCompile>
    <ClCompile Include="Startup.cpp">
      <Filter>ソース ファイル\Application</Filter>
    </ClCompile>
    <ClCompile Include="Camera.cpp">
      <Filter>ソース ファイル\Camera</Filter>
    </ClCompile>
    <ClCompile Include="CameraDebug.cpp">
      <Filter>ソース ファイル\Camera</Filter>
    </ClCompile>
    <ClCompile Include="CameraEvent.cpp">
      <Filter>ソース ファイル\Camera</Filter>
    </ClCompile>
    <ClCompile Include="CameraMinimap.cpp">
      <Filter>ソース ファイル\Camera</Filter>
    </ClCompile>
    <ClCompile Include="Effect.cpp">
      <Filter>ソース ファイル\Effect</Filter>
    </ClCompile>
    <ClCompile Include="EffectGoal.cpp">
      <Filter>ソース ファイル\Effect</Filter>
    </ClCompile>
    <ClCompile Include="SceneGame.cpp">
      <Filter>ソース ファイル\Scene</Filter>
    </ClCompile>
    <ClCompile Include="SceneTitle.cpp">
      <Filter>ソース ファイル\Scene</Filter>
    </ClCompile>
    <ClCompile Include="DirectX.cpp">
      <Filter>ソース ファイル\Application</Filter>
    </ClCompile>
    <ClCompile Include="TrailEffect.cpp">
      <Filter>ソース ファイル\Effect</Filter>
    </ClCompile>
    <ClCompile Include="PolylineEffect.cpp">
      <Filter>ソース ファイル\Effect</Filter>
    </ClCompile>
    <ClCompile Include="Field.cpp">
      <Filter>ソース ファイル\3DObject</Filter>
    </ClCompile>
    <ClCompile Include="FadeBlack.cpp">
      <Filter>ソース ファイル\Scene</Filter>
    </ClCompile>
    <ClCompile Include="Fade.cpp">
      <Filter>ソース ファイル\Scene</Filter>
    </ClCompile>
    <ClCompile Include="Geometory.cpp">
      <Filter>ソース ファイル\Work</Filter>
    </ClCompile>
    <ClCompile Include="GaugeUI.cpp">
      <Filter>ソース ファイル\2DObject</Filter>
    </ClCompile>
    <ClCompile Include="GameObject.cpp">
      <Filter>ソース ファイル\3DObject</Filter>
    </ClCompile>
    <ClCompile Include="Minimap.cpp">
      <Filter>ソース ファイル\2DObject</Filter>
    </ClCompile>
    <ClCompile Include="Object.cpp">
      <Filter>ソース ファイル\3DObject</Filter>
    </ClCompile>
    <ClCompile Include="Player.cpp">
      <Filter>ソース ファイル\3DObject</Filter>
    </ClCompile>
    <ClCompile Include="GameUI.cpp">
      <Filter>ソース ファイル\2DObject</Filter>
    </ClCompile>
    <ClCompile Include="DirectWriteCustomFont.cpp">
      <Filter>ソース ファイル\2DObject</Filter>
    </ClCompile>
    <ClCompile Include="DirectWriteSample.cpp">
      <Filter>ソース ファイル\2DObject</Filter>
    </ClCompile>
    <ClCompile Include="Scene.cpp">
      <Filter>ソース ファイル\Scene</Filter>
    </ClCompile>
    <ClCompile Include="Input.cpp">
      <Filter>ソース ファイル\Work</Filter>
    </ClCompile>
    <ClCompile Include="Sprite.cpp">
      <Filter>ソース ファイル\Work</Filter>
    </ClCompile>
    <ClCompile Include="Texture.cpp">
      <Filter>ソース ファイル\Work</Filter>
    </ClCompile>
    <ClCompile Include="Model.cpp">
      <Filter>ソース ファイル\Work</Filter>
    </ClCompile>
    <ClCompile Include="Goal.cpp">
      <Filter>ソース ファイル\2DObject</Filter>
    </ClCompile>
    <ClCompile Include="CameraPlayer.cpp">
      <Filter>ソース ファイル\Camera</Filter>
    </ClCompile>
    <ClCompile Include="BallUI.cpp">
      <Filter>ソース ファイル\2DObject</Filter>
    </ClCompile>
    <ClCompile Include="NumberUI.cpp">
      <Filter>ソース ファイル\2DObject</Filter>
    </ClCompile>
    <ClCompile Include="CameraBatter.cpp">
      <Filter>ソース ファイル\Camera</Filter>
    </ClCompile>
    <ClCompile Include="imgui.cpp">
      <Filter>imgui</Filter>
    </ClCompile>
    <ClCompile Include="imgui_demo.cpp">
      <Filter>imgui</Filter>
    </ClCompile>
    <ClCompile Include="imgui_draw.cpp">
      <Filter>imgui</Filter>
    </ClCompile>
    <ClCompile Include="imgui_impl_dx11.cpp">
      <Filter>imgui</Filter>
    </ClCompile>
    <ClCompile Include="imgui_tables.cpp">
      <Filter>imgui</Filter>
    </ClCompile>
    <ClCompile Include="imgui_widgets.cpp">
      <Filter>imgui</Filter>
    </ClCompile>
    <ClCompile Include="ImGuiManager.cpp">
      <Filter>imgui</Filter>
    </ClCompile>
    <ClCompile Include="imgui_impl_win32.cpp">
      <Filter>imgui</Filter>
    </ClCompile>
    <ClCompile Include="Batting.cpp">
      <Filter>ソース ファイル\BaseBall\Attack</Filter>
    </ClCompile>
    <ClCompile Include="Pitching.cpp">
      <Filter>ソース ファイル\BaseBall\Difence</Filter>
    </ClCompile>
    <ClCompile Include="Ball.cpp">
      <Filter>ソース ファイル\BaseBall\System</Filter>
    </ClCompile>
    <ClCompile Include="StrikeZone.cpp">
      <Filter>ソース ファイル\BaseBall\System</Filter>
    </ClCompile>
    <ClCompile Include="BallCount.cpp">
      <Filter>ソース ファイル\BaseBall\System</Filter>
    </ClCompile>
    <ClCompile Include="Attack.cpp">
      <Filter>ソース ファイル\BaseBall\Attack</Filter>
    </ClCompile>
    <ClCompile Include="Defence.cpp">
      <Filter>ソース ファイル\BaseBall\Difence</Filter>
    </ClCompile>
    <ClCompile Include="Cursor.cpp">
      <Filter>ソース ファイル\BaseBall\System</Filter>
    </ClCompile>
    <ClCompile Include="BattingCursor.cpp">
      <Filter>ソース ファイル\BaseBall\Attack</Filter>
    </ClCompile>
    <ClCompile Include="PitchingCursor.cpp">
      <Filter>ソース ファイル\BaseBall\Difence</Filter>
    </ClCompile>
  </ItemGroup>
  <ItemGroup>
    <ClInclude Include="MeshBuffer.h">
      <Filter>ヘッダー ファイル\System</Filter>
    </ClInclude>
    <ClInclude Include="Shader.h">
      <Filter>ヘッダー ファイル\System</Filter>
    </ClInclude>
    <ClInclude Include="Main.h">
      <Filter>ヘッダー ファイル\Application</Filter>
    </ClInclude>
    <ClInclude Include="ShaderList.h">
      <Filter>ヘッダー ファイル\System</Filter>
    </ClInclude>
    <ClInclude Include="CameraDebug.h">
      <Filter>ヘッダー ファイル\Camera</Filter>
    </ClInclude>
    <ClInclude Include="Camera.h">
      <Filter>ヘッダー ファイル\Camera</Filter>
    </ClInclude>
    <ClInclude Include="CameraEvent.h">
      <Filter>ヘッダー ファイル\Camera</Filter>
    </ClInclude>
    <ClInclude Include="CameraMinimap.h">
      <Filter>ヘッダー ファイル\Camera</Filter>
    </ClInclude>
    <ClInclude Include="Scene.h">
      <Filter>ヘッダー ファイル\Scene</Filter>
    </ClInclude>
    <ClInclude Include="SceneGame.h">
      <Filter>ヘッダー ファイル\Scene</Filter>
    </ClInclude>
    <ClInclude Include="SceneTitle.h">
      <Filter>ヘッダー ファイル\Scene</Filter>
    </ClInclude>
    <ClInclude Include="DirectX.h">
      <Filter>ヘッダー ファイル\Application</Filter>
    </ClInclude>
    <ClInclude Include="GameUI.h">
      <Filter>ヘッダー ファイル\2DObject</Filter>
    </ClInclude>
    <ClInclude Include="GaugeUI.h">
      <Filter>ヘッダー ファイル\2DObject</Filter>
    </ClInclude>
    <ClInclude Include="Collision.h">
      <Filter>ヘッダー ファイル\Work</Filter>
    </ClInclude>
    <ClInclude Include="Effect.h">
      <Filter>ヘッダー ファイル\Effect</Filter>
    </ClInclude>
    <ClInclude Include="EffectGoal.h">
      <Filter>ヘッダー ファイル\Effect</Filter>
    </ClInclude>
    <ClInclude Include="PolylineEffect.h">
      <Filter>ヘッダー ファイル\Effect</Filter>
    </ClInclude>
    <ClInclude Include="FadeBlack.h">
      <Filter>ヘッダー ファイル\Scene</Filter>
    </ClInclude>
    <ClInclude Include="Fade.h">
      <Filter>ヘッダー ファイル\Scene</Filter>
    </ClInclude>
    <ClInclude Include="TrailEffect.h">
      <Filter>ヘッダー ファイル\Effect</Filter>
    </ClInclude>
    <ClInclude Include="GameObject.h">
      <Filter>ヘッダー ファイル\3DObject</Filter>
    </ClInclude>
    <ClInclude Include="Field.h">
      <Filter>ヘッダー ファイル\3DObject</Filter>
    </ClInclude>
    <ClInclude Include="Object.h">
      <Filter>ヘッダー ファイル\3DObject</Filter>
    </ClInclude>
    <ClInclude Include="Minimap.h">
      <Filter>ヘッダー ファイル\2DObject</Filter>
    </ClInclude>
    <ClInclude Include="Goal.h">
      <Filter>ヘッダー ファイル\2DObject</Filter>
    </ClInclude>
    <ClInclude Include="Player.h">
      <Filter>ヘッダー ファイル\3DObject</Filter>
    </ClInclude>
    <ClInclude Include="Input.h">
      <Filter>ヘッダー ファイル\Work</Filter>
    </ClInclude>
    <ClInclude Include="DirectWriteCustomFont.h">
      <Filter>ヘッダー ファイル\2DObject</Filter>
    </ClInclude>
    <ClInclude Include="DirectWriteSample.h">
      <Filter>ヘッダー ファイル\2DObject</Filter>
    </ClInclude>
    <ClInclude Include="Defines.h">
      <Filter>ヘッダー ファイル\System</Filter>
    </ClInclude>
    <ClInclude Include="Texture.h">
      <Filter>ヘッダー ファイル\Work</Filter>
    </ClInclude>
    <ClInclude Include="Sprite.h">
      <Filter>ヘッダー ファイル\Work</Filter>
    </ClInclude>
    <ClInclude Include="Geometory.h">
      <Filter>ヘッダー ファイル\Work</Filter>
    </ClInclude>
    <ClInclude Include="Model.h">
      <Filter>ヘッダー ファイル\Work</Filter>
    </ClInclude>
    <ClInclude Include="CameraPlayer.h">
      <Filter>ヘッダー ファイル\Camera</Filter>
    </ClInclude>
    <ClInclude Include="BallUI.h">
      <Filter>ヘッダー ファイル\2DObject</Filter>
    </ClInclude>
    <ClInclude Include="NumberUI.h">
      <Filter>ヘッダー ファイル\2DObject</Filter>
    </ClInclude>
    <ClInclude Include="CameraBatter.h">
      <Filter>ヘッダー ファイル\Camera</Filter>
    </ClInclude>
    <ClInclude Include="imconfig.h">
      <Filter>imgui</Filter>
    </ClInclude>
    <ClInclude Include="imgui.h">
      <Filter>imgui</Filter>
    </ClInclude>
    <ClInclude Include="imgui_impl_dx11.h">
      <Filter>imgui</Filter>
    </ClInclude>
    <ClInclude Include="imgui_internal.h">
      <Filter>imgui</Filter>
    </ClInclude>
    <ClInclude Include="imstb_rectpack.h">
      <Filter>imgui</Filter>
    </ClInclude>
    <ClInclude Include="imstb_textedit.h">
      <Filter>imgui</Filter>
    </ClInclude>
    <ClInclude Include="imstb_truetype.h">
      <Filter>imgui</Filter>
    </ClInclude>
    <ClInclude Include="ImGuiManager.h">
      <Filter>imgui</Filter>
    </ClInclude>
    <ClInclude Include="imgui_impl_win32.h">
      <Filter>imgui</Filter>
    </ClInclude>
    <ClInclude Include="Attack.h">
      <Filter>ヘッダー ファイル\BaseBall\Attack</Filter>
    </ClInclude>
    <ClInclude Include="Batting.h">
      <Filter>ヘッダー ファイル\BaseBall\Attack</Filter>
    </ClInclude>
    <ClInclude Include="Pitching.h">
      <Filter>ヘッダー ファイル\BaseBall\Difence</Filter>
    </ClInclude>
    <ClInclude Include="Ball.h">
      <Filter>ヘッダー ファイル\BaseBall\System</Filter>
    </ClInclude>
    <ClInclude Include="BallCount.h">
      <Filter>ヘッダー ファイル\BaseBall\System</Filter>
    </ClInclude>
    <ClInclude Include="StrikeZone.h">
      <Filter>ヘッダー ファイル\BaseBall\System</Filter>
    </ClInclude>
    <ClInclude Include="Defence.h">
      <Filter>ヘッダー ファイル\BaseBall\Difence</Filter>
    </ClInclude>
    <ClInclude Include="PitchingCursor.h">
      <Filter>ヘッダー ファイル\BaseBall\Difence</Filter>
    </ClInclude>
    <ClInclude Include="BattingCursor.h">
      <Filter>ヘッダー ファイル\BaseBall\Attack</Filter>
    </ClInclude>
    <ClInclude Include="Cursor.h">
      <Filter>ヘッダー ファイル\BaseBall\System</Filter>
    </ClInclude>
  </ItemGroup>
  <ItemGroup>
    <Text Include="History.txt">
      <Filter>リソース ファイル\memo</Filter>
    </Text>
    <Text Include="task.txt">
      <Filter>リソース ファイル\memo</Filter>
    </Text>
  </ItemGroup>
</Project>